
Microsoft Visual Studio Solution File, Format Version 12.00
# Visual Studio Version 16
VisualStudioVersion = 16.0.31729.503
MinimumVisualStudioVersion = 10.0.40219.1
Project("{FAE04EC0-301F-11D3-BF4B-00C04F79EFBC}") = "ImageFilter", "ImageFilter.csproj", "{5F7A33B1-7432-4342-BF01-760131099CC4}"
EndProject
Global
	GlobalSection(SolutionConfigurationPlatforms) = preSolution
		Debug|Any CPU = Debug|Any CPU
		Release|Any CPU = Release|Any CPU
	EndGlobalSection
	GlobalSection(ProjectConfigurationPlatforms) = postSolution
		{5F7A33B1-7432-4342-BF01-760131099CC4}.Debug|Any CPU.ActiveCfg = Debug|Any CPU
		{5F7A33B1-7432-4342-BF01-760131099CC4}.Debug|Any CPU.Build.0 = Debug|Any CPU
		{5F7A33B1-7432-4342-BF01-760131099CC4}.Release|Any CPU.ActiveCfg = Release|Any CPU
		{5F7A33B1-7432-4342-BF01-760131099CC4}.Release|Any CPU.Build.0 = Release|Any CPU
	EndGlobalSection
	GlobalSection(SolutionProperties) = preSolution
		HideSolutionNode = FALSE
	EndGlobalSection
	GlobalSection(ExtensibilityGlobals) = postSolution
		SolutionGuid = {BE342852-8FF4-4DB4-A21E-024209327DD2}
	EndGlobalSection
EndGlobal
